{
    "_meta": {
        "hash": {
            "sha256": "60801f1059a8fecdaa5f226507986cff96b286201406e7b2c7eb3730e8b199f5"
        },
        "pipfile-spec": 6,
        "requires": {
            "python_version": "3.8"
        },
        "sources": [
            {
                "name": "pypi",
                "url": "https://pypi.python.org/simple",
                "verify_ssl": true
            },
            {
                "name": "pytorch",
                "url": "https://download.pytorch.org/whl/cu111",
                "verify_ssl": false
            }
        ]
    },
    "default": {
        "e1839a8": {
            "editable": true,
            "path": "."
        },
        "torchaudio": {
            "index": "pytorch",
            "version": "==0.8.1"
        },
        "torchvision": {
            "index": "pytorch",
            "version": "==0.9.1"
        }
    },
    "develop": {}
}
