{
    "_meta": {
        "hash": {
            "sha256": "8652e654384b7e82c5265bbce0682279ff76c06f4a14e9809ec0458c22b44145"
        },
        "pipfile-spec": 6,
        "requires": {
            "python_version": "3.8"
        },
        "sources": [
            {
                "name": "pypi",
                "url": "https://pypi.python.org/simple",
                "verify_ssl": true
            }
        ]
    },
    "default": {
        "e1839a8": {
            "editable": true,
            "path": "."
        }
    },
    "develop": {}
}
